// !$*UTF8*$!
{
	archiveVersion = 1;
	classes = {
	};
	objectVersion = 51;
	objects = {

/* Begin PBXBuildFile section */
		06FD08CCB69FE4C5208F8259 /* Pods_L_TECH.framework in Frameworks */ = {isa = PBXBuildFile; fileRef = 3F912B8F7ECEF9AE97280957 /* Pods_L_TECH.framework */; };
		5275B222290B2BC90043BE5F /* Article.swift in Sources */ = {isa = PBXBuildFile; fileRef = 5275B221290B2BC90043BE5F /* Article.swift */; };
		5275B225290BC4360043BE5F /* NetworkManager.swift in Sources */ = {isa = PBXBuildFile; fileRef = 5275B224290BC4360043BE5F /* NetworkManager.swift */; };
		5275B229290BD62C0043BE5F /* ImageManager.swift in Sources */ = {isa = PBXBuildFile; fileRef = 5275B228290BD62C0043BE5F /* ImageManager.swift */; };
		5275B22C290BD9950043BE5F /* Extentions.swift in Sources */ = {isa = PBXBuildFile; fileRef = 5275B22B290BD9950043BE5F /* Extentions.swift */; };
		5275B230290C3EF30043BE5F /* DetailsViewController.swift in Sources */ = {isa = PBXBuildFile; fileRef = 5275B22F290C3EF30043BE5F /* DetailsViewController.swift */; };
		5275B233290C4EA50043BE5F /* DateManager.swift in Sources */ = {isa = PBXBuildFile; fileRef = 5275B232290C4EA50043BE5F /* DateManager.swift */; };
		52767B34291135A500F7CD16 /* DataManagerAccount.swift in Sources */ = {isa = PBXBuildFile; fileRef = 52767B33291135A500F7CD16 /* DataManagerAccount.swift */; };
		5294F455290D3E06001EBB98 /* PhoneMask.swift in Sources */ = {isa = PBXBuildFile; fileRef = 5294F454290D3E05001EBB98 /* PhoneMask.swift */; };
		52A17905290ACE5800758BBC /* AppDelegate.swift in Sources */ = {isa = PBXBuildFile; fileRef = 52A17904290ACE5800758BBC /* AppDelegate.swift */; };
		52A17907290ACE5800758BBC /* SceneDelegate.swift in Sources */ = {isa = PBXBuildFile; fileRef = 52A17906290ACE5800758BBC /* SceneDelegate.swift */; };
		52A17909290ACE5800758BBC /* ViewController.swift in Sources */ = {isa = PBXBuildFile; fileRef = 52A17908290ACE5800758BBC /* ViewController.swift */; };
		52A1790C290ACE5800758BBC /* Main.storyboard in Resources */ = {isa = PBXBuildFile; fileRef = 52A1790A290ACE5800758BBC /* Main.storyboard */; };
		52A1790E290ACE5900758BBC /* Assets.xcassets in Resources */ = {isa = PBXBuildFile; fileRef = 52A1790D290ACE5900758BBC /* Assets.xcassets */; };
		52A17911290ACE5900758BBC /* LaunchScreen.storyboard in Resources */ = {isa = PBXBuildFile; fileRef = 52A1790F290ACE5900758BBC /* LaunchScreen.storyboard */; };
		52A17919290ACFEE00758BBC /* MainTabBarController.swift in Sources */ = {isa = PBXBuildFile; fileRef = 52A17918290ACFEE00758BBC /* MainTabBarController.swift */; };
		52A1791B290AD10400758BBC /* LoginViewController.swift in Sources */ = {isa = PBXBuildFile; fileRef = 52A1791A290AD10400758BBC /* LoginViewController.swift */; };
		52A1791D290AD1B800758BBC /* FavouritesViewController.swift in Sources */ = {isa = PBXBuildFile; fileRef = 52A1791C290AD1B800758BBC /* FavouritesViewController.swift */; };
		52A1791F290AD1F900758BBC /* ProfileViewController.swift in Sources */ = {isa = PBXBuildFile; fileRef = 52A1791E290AD1F900758BBC /* ProfileViewController.swift */; };
		52A17921290AD2BE00758BBC /* FeedViewController.swift in Sources */ = {isa = PBXBuildFile; fileRef = 52A17920290AD2BE00758BBC /* FeedViewController.swift */; };
		52A17923290AEBCA00758BBC /* FeedCell.swift in Sources */ = {isa = PBXBuildFile; fileRef = 52A17922290AEBCA00758BBC /* FeedCell.swift */; };
		52D26D50290FF49C004F0CF3 /* AuthSuccess.swift in Sources */ = {isa = PBXBuildFile; fileRef = 52D26D4F290FF49C004F0CF3 /* AuthSuccess.swift */; };
/* End PBXBuildFile section */

/* Begin PBXCopyFilesBuildPhase section */
		52A1792A290AF24D00758BBC /* Embed Frameworks */ = {
			isa = PBXCopyFilesBuildPhase;
			buildActionMask = 2147483647;
			dstPath = "";
			dstSubfolderSpec = 10;
			files = (
			);
			name = "Embed Frameworks";
			runOnlyForDeploymentPostprocessing = 0;
		};
/* End PBXCopyFilesBuildPhase section */

/* Begin PBXFileReference section */
		2E72858D9B1B154EE9E50D72 /* Pods-L-TECH.debug.xcconfig */ = {isa = PBXFileReference; includeInIndex = 1; lastKnownFileType = text.xcconfig; name = "Pods-L-TECH.debug.xcconfig"; path = "Target Support Files/Pods-L-TECH/Pods-L-TECH.debug.xcconfig"; sourceTree = "<group>"; };
		3F912B8F7ECEF9AE97280957 /* Pods_L_TECH.framework */ = {isa = PBXFileReference; explicitFileType = wrapper.framework; includeInIndex = 0; path = Pods_L_TECH.framework; sourceTree = BUILT_PRODUCTS_DIR; };
		5275B221290B2BC90043BE5F /* Article.swift */ = {isa = PBXFileReference; lastKnownFileType = sourcecode.swift; path = Article.swift; sourceTree = "<group>"; };
		5275B224290BC4360043BE5F /* NetworkManager.swift */ = {isa = PBXFileReference; lastKnownFileType = sourcecode.swift; path = NetworkManager.swift; sourceTree = "<group>"; };
		5275B228290BD62C0043BE5F /* ImageManager.swift */ = {isa = PBXFileReference; lastKnownFileType = sourcecode.swift; path = ImageManager.swift; sourceTree = "<group>"; };
		5275B22B290BD9950043BE5F /* Extentions.swift */ = {isa = PBXFileReference; lastKnownFileType = sourcecode.swift; path = Extentions.swift; sourceTree = "<group>"; };
		5275B22F290C3EF30043BE5F /* DetailsViewController.swift */ = {isa = PBXFileReference; lastKnownFileType = sourcecode.swift; path = DetailsViewController.swift; sourceTree = "<group>"; };
		5275B232290C4EA50043BE5F /* DateManager.swift */ = {isa = PBXFileReference; lastKnownFileType = sourcecode.swift; path = DateManager.swift; sourceTree = "<group>"; };
		52767B33291135A500F7CD16 /* DataManagerAccount.swift */ = {isa = PBXFileReference; lastKnownFileType = sourcecode.swift; path = DataManagerAccount.swift; sourceTree = "<group>"; };
		5294F454290D3E05001EBB98 /* PhoneMask.swift */ = {isa = PBXFileReference; lastKnownFileType = sourcecode.swift; path = PhoneMask.swift; sourceTree = "<group>"; };
		52A17901290ACE5800758BBC /* L-TECH.app */ = {isa = PBXFileReference; explicitFileType = wrapper.application; includeInIndex = 0; path = "L-TECH.app"; sourceTree = BUILT_PRODUCTS_DIR; };
		52A17904290ACE5800758BBC /* AppDelegate.swift */ = {isa = PBXFileReference; lastKnownFileType = sourcecode.swift; path = AppDelegate.swift; sourceTree = "<group>"; };
		52A17906290ACE5800758BBC /* SceneDelegate.swift */ = {isa = PBXFileReference; lastKnownFileType = sourcecode.swift; path = SceneDelegate.swift; sourceTree = "<group>"; };
		52A17908290ACE5800758BBC /* ViewController.swift */ = {isa = PBXFileReference; lastKnownFileType = sourcecode.swift; path = ViewController.swift; sourceTree = "<group>"; };
		52A1790B290ACE5800758BBC /* Base */ = {isa = PBXFileReference; lastKnownFileType = file.storyboard; name = Base; path = Base.lproj/Main.storyboard; sourceTree = "<group>"; };
		52A1790D290ACE5900758BBC /* Assets.xcassets */ = {isa = PBXFileReference; lastKnownFileType = folder.assetcatalog; path = Assets.xcassets; sourceTree = "<group>"; };
		52A17910290ACE5900758BBC /* Base */ = {isa = PBXFileReference; lastKnownFileType = file.storyboard; name = Base; path = Base.lproj/LaunchScreen.storyboard; sourceTree = "<group>"; };
		52A17912290ACE5900758BBC /* Info.plist */ = {isa = PBXFileReference; lastKnownFileType = text.plist.xml; path = Info.plist; sourceTree = "<group>"; };
		52A17918290ACFEE00758BBC /* MainTabBarController.swift */ = {isa = PBXFileReference; lastKnownFileType = sourcecode.swift; path = MainTabBarController.swift; sourceTree = "<group>"; };
		52A1791A290AD10400758BBC /* LoginViewController.swift */ = {isa = PBXFileReference; lastKnownFileType = sourcecode.swift; path = LoginViewController.swift; sourceTree = "<group>"; };
		52A1791C290AD1B800758BBC /* FavouritesViewController.swift */ = {isa = PBXFileReference; lastKnownFileType = sourcecode.swift; path = FavouritesViewController.swift; sourceTree = "<group>"; };
		52A1791E290AD1F900758BBC /* ProfileViewController.swift */ = {isa = PBXFileReference; lastKnownFileType = sourcecode.swift; path = ProfileViewController.swift; sourceTree = "<group>"; };
		52A17920290AD2BE00758BBC /* FeedViewController.swift */ = {isa = PBXFileReference; lastKnownFileType = sourcecode.swift; path = FeedViewController.swift; sourceTree = "<group>"; };
		52A17922290AEBCA00758BBC /* FeedCell.swift */ = {isa = PBXFileReference; lastKnownFileType = sourcecode.swift; path = FeedCell.swift; sourceTree = "<group>"; };
		52D26D4F290FF49C004F0CF3 /* AuthSuccess.swift */ = {isa = PBXFileReference; lastKnownFileType = sourcecode.swift; path = AuthSuccess.swift; sourceTree = "<group>"; };
		89E476CAB4E1E8F4E08DBD84 /* Pods-L-TECH.release.xcconfig */ = {isa = PBXFileReference; includeInIndex = 1; lastKnownFileType = text.xcconfig; name = "Pods-L-TECH.release.xcconfig"; path = "Target Support Files/Pods-L-TECH/Pods-L-TECH.release.xcconfig"; sourceTree = "<group>"; };
/* End PBXFileReference section */

/* Begin PBXFrameworksBuildPhase section */
		52A178FE290ACE5800758BBC /* Frameworks */ = {
			isa = PBXFrameworksBuildPhase;
			buildActionMask = 2147483647;
			files = (
				06FD08CCB69FE4C5208F8259 /* Pods_L_TECH.framework in Frameworks */,
			);
			runOnlyForDeploymentPostprocessing = 0;
		};
/* End PBXFrameworksBuildPhase section */

/* Begin PBXGroup section */
		1EF26B652097449607F693AF /* Pods */ = {
			isa = PBXGroup;
			children = (
				2E72858D9B1B154EE9E50D72 /* Pods-L-TECH.debug.xcconfig */,
				89E476CAB4E1E8F4E08DBD84 /* Pods-L-TECH.release.xcconfig */,
			);
			path = Pods;
			sourceTree = "<group>";
		};
		5275B220290B2B970043BE5F /* Model */ = {
			isa = PBXGroup;
			children = (
				5275B221290B2BC90043BE5F /* Article.swift */,
				5294F454290D3E05001EBB98 /* PhoneMask.swift */,
				52D26D4F290FF49C004F0CF3 /* AuthSuccess.swift */,
			);
			path = Model;
			sourceTree = "<group>";
		};
		5275B223290BC4250043BE5F /* API */ = {
			isa = PBXGroup;
			children = (
				5275B224290BC4360043BE5F /* NetworkManager.swift */,
				5275B228290BD62C0043BE5F /* ImageManager.swift */,
			);
			path = API;
			sourceTree = "<group>";
		};
		5275B22A290BD9810043BE5F /* Utls */ = {
			isa = PBXGroup;
			children = (
				5275B22B290BD9950043BE5F /* Extentions.swift */,
			);
			path = Utls;
			sourceTree = "<group>";
		};
		5275B231290C4E900043BE5F /* Managers */ = {
			isa = PBXGroup;
			children = (
				5275B232290C4EA50043BE5F /* DateManager.swift */,
				52767B33291135A500F7CD16 /* DataManagerAccount.swift */,
			);
			path = Managers;
			sourceTree = "<group>";
		};
		52A178F8290ACE5800758BBC = {
			isa = PBXGroup;
			children = (
				52A17903290ACE5800758BBC /* L-TECH */,
				52A17902290ACE5800758BBC /* Products */,
				1EF26B652097449607F693AF /* Pods */,
				720F2434DFECCE8FFCF01F86 /* Frameworks */,
			);
			sourceTree = "<group>";
		};
		52A17902290ACE5800758BBC /* Products */ = {
			isa = PBXGroup;
			children = (
				52A17901290ACE5800758BBC /* L-TECH.app */,
			);
			name = Products;
			sourceTree = "<group>";
		};
		52A17903290ACE5800758BBC /* L-TECH */ = {
			isa = PBXGroup;
			children = (
				5275B220290B2B970043BE5F /* Model */,
				52A17904290ACE5800758BBC /* AppDelegate.swift */,
				52A17906290ACE5800758BBC /* SceneDelegate.swift */,
				52A17918290ACFEE00758BBC /* MainTabBarController.swift */,
				52A1791A290AD10400758BBC /* LoginViewController.swift */,
				52A17920290AD2BE00758BBC /* FeedViewController.swift */,
				5275B22F290C3EF30043BE5F /* DetailsViewController.swift */,
				52A17922290AEBCA00758BBC /* FeedCell.swift */,
				52A1791C290AD1B800758BBC /* FavouritesViewController.swift */,
				52A1791E290AD1F900758BBC /* ProfileViewController.swift */,
				5275B231290C4E900043BE5F /* Managers */,
				5275B223290BC4250043BE5F /* API */,
				5275B22A290BD9810043BE5F /* Utls */,
				52A17908290ACE5800758BBC /* ViewController.swift */,
				52A1790A290ACE5800758BBC /* Main.storyboard */,
				52A1790D290ACE5900758BBC /* Assets.xcassets */,
				52A1790F290ACE5900758BBC /* LaunchScreen.storyboard */,
				52A17912290ACE5900758BBC /* Info.plist */,
			);
			path = "L-TECH";
			sourceTree = "<group>";
		};
		720F2434DFECCE8FFCF01F86 /* Frameworks */ = {
			isa = PBXGroup;
			children = (
				3F912B8F7ECEF9AE97280957 /* Pods_L_TECH.framework */,
			);
			name = Frameworks;
			sourceTree = "<group>";
		};
/* End PBXGroup section */

/* Begin PBXNativeTarget section */
		52A17900290ACE5800758BBC /* L-TECH */ = {
			isa = PBXNativeTarget;
			buildConfigurationList = 52A17915290ACE5900758BBC /* Build configuration list for PBXNativeTarget "L-TECH" */;
			buildPhases = (
				9F12FAB9B965ADA2821646E4 /* [CP] Check Pods Manifest.lock */,
				52A178FD290ACE5800758BBC /* Sources */,
				52A178FE290ACE5800758BBC /* Frameworks */,
				52A178FF290ACE5800758BBC /* Resources */,
				52A1792A290AF24D00758BBC /* Embed Frameworks */,
				4C6968AD4D3B85CDA287251B /* [CP] Embed Pods Frameworks */,
			);
			buildRules = (
			);
			dependencies = (
			);
			name = "L-TECH";
			productName = "L-TECH";
			productReference = 52A17901290ACE5800758BBC /* L-TECH.app */;
			productType = "com.apple.product-type.application";
		};
/* End PBXNativeTarget section */

/* Begin PBXProject section */
		52A178F9290ACE5800758BBC /* Project object */ = {
			isa = PBXProject;
			attributes = {
				LastSwiftUpdateCheck = 1250;
				LastUpgradeCheck = 1250;
				TargetAttributes = {
					52A17900290ACE5800758BBC = {
						CreatedOnToolsVersion = 12.5.1;
					};
				};
			};
			buildConfigurationList = 52A178FC290ACE5800758BBC /* Build configuration list for PBXProject "L-TECH" */;
			compatibilityVersion = "Xcode 9.3";
			developmentRegion = en;
			hasScannedForEncodings = 0;
			knownRegions = (
				en,
				Base,
			);
			mainGroup = 52A178F8290ACE5800758BBC;
			productRefGroup = 52A17902290ACE5800758BBC /* Products */;
			projectDirPath = "";
			projectRoot = "";
			targets = (
				52A17900290ACE5800758BBC /* L-TECH */,
			);
		};
/* End PBXProject section */

/* Begin PBXResourcesBuildPhase section */
		52A178FF290ACE5800758BBC /* Resources */ = {
			isa = PBXResourcesBuildPhase;
			buildActionMask = 2147483647;
			files = (
				52A17911290ACE5900758BBC /* LaunchScreen.storyboard in Resources */,
				52A1790E290ACE5900758BBC /* Assets.xcassets in Resources */,
				52A1790C290ACE5800758BBC /* Main.storyboard in Resources */,
			);
			runOnlyForDeploymentPostprocessing = 0;
		};
/* End PBXResourcesBuildPhase section */

/* Begin PBXShellScriptBuildPhase section */
		4C6968AD4D3B85CDA287251B /* [CP] Embed Pods Frameworks */ = {
			isa = PBXShellScriptBuildPhase;
			buildActionMask = 2147483647;
			files = (
			);
			inputFileListPaths = (
				"${PODS_ROOT}/Target Support Files/Pods-L-TECH/Pods-L-TECH-frameworks-${CONFIGURATION}-input-files.xcfilelist",
			);
			name = "[CP] Embed Pods Frameworks";
			outputFileListPaths = (
				"${PODS_ROOT}/Target Support Files/Pods-L-TECH/Pods-L-TECH-frameworks-${CONFIGURATION}-output-files.xcfilelist",
			);
			runOnlyForDeploymentPostprocessing = 0;
			shellPath = /bin/sh;
			shellScript = "\"${PODS_ROOT}/Target Support Files/Pods-L-TECH/Pods-L-TECH-frameworks.sh\"\n";
			showEnvVarsInLog = 0;
		};
		9F12FAB9B965ADA2821646E4 /* [CP] Check Pods Manifest.lock */ = {
			isa = PBXShellScriptBuildPhase;
			buildActionMask = 2147483647;
			files = (
			);
			inputFileListPaths = (
			);
			inputPaths = (
				"${PODS_PODFILE_DIR_PATH}/Podfile.lock",
				"${PODS_ROOT}/Manifest.lock",
			);
			name = "[CP] Check Pods Manifest.lock";
			outputFileListPaths = (
			);
			outputPaths = (
				"$(DERIVED_FILE_DIR)/Pods-L-TECH-checkManifestLockResult.txt",
			);
			runOnlyForDeploymentPostprocessing = 0;
			shellPath = /bin/sh;
			shellScript = "diff \"${PODS_PODFILE_DIR_PATH}/Podfile.lock\" \"${PODS_ROOT}/Manifest.lock\" > /dev/null\nif [ $? != 0 ] ; then\n    # print error to STDERR\n    echo \"error: The sandbox is not in sync with the Podfile.lock. Run 'pod install' or update your CocoaPods installation.\" >&2\n    exit 1\nfi\n# This output is used by Xcode 'outputs' to avoid re-running this script phase.\necho \"SUCCESS\" > \"${SCRIPT_OUTPUT_FILE_0}\"\n";
			showEnvVarsInLog = 0;
		};
/* End PBXShellScriptBuildPhase section */

/* Begin PBXSourcesBuildPhase section */
		52A178FD290ACE5800758BBC /* Sources */ = {
			isa = PBXSourcesBuildPhase;
			buildActionMask = 2147483647;
			files = (
				52D26D50290FF49C004F0CF3 /* AuthSuccess.swift in Sources */,
				5294F455290D3E06001EBB98 /* PhoneMask.swift in Sources */,
				52A1791D290AD1B800758BBC /* FavouritesViewController.swift in Sources */,
				5275B233290C4EA50043BE5F /* DateManager.swift in Sources */,
				52A17909290ACE5800758BBC /* ViewController.swift in Sources */,
				52767B34291135A500F7CD16 /* DataManagerAccount.swift in Sources */,
				52A17923290AEBCA00758BBC /* FeedCell.swift in Sources */,
				52A17905290ACE5800758BBC /* AppDelegate.swift in Sources */,
				5275B222290B2BC90043BE5F /* Article.swift in Sources */,
				52A17919290ACFEE00758BBC /* MainTabBarController.swift in Sources */,
				5275B22C290BD9950043BE5F /* Extentions.swift in Sources */,
				52A1791F290AD1F900758BBC /* ProfileViewController.swift in Sources */,
				52A1791B290AD10400758BBC /* LoginViewController.swift in Sources */,
				52A17921290AD2BE00758BBC /* FeedViewController.swift in Sources */,
				5275B225290BC4360043BE5F /* NetworkManager.swift in Sources */,
				52A17907290ACE5800758BBC /* SceneDelegate.swift in Sources */,
				5275B229290BD62C0043BE5F /* ImageManager.swift in Sources */,
				5275B230290C3EF30043BE5F /* DetailsViewController.swift in Sources */,
			);
			runOnlyForDeploymentPostprocessing = 0;
		};
/* End PBXSourcesBuildPhase section */

/* Begin PBXVariantGroup section */
		52A1790A290ACE5800758BBC /* Main.storyboard */ = {
			isa = PBXVariantGroup;
			children = (
				52A1790B290ACE5800758BBC /* Base */,
			);
			name = Main.storyboard;
			sourceTree = "<group>";
		};
		52A1790F290ACE5900758BBC /* LaunchScreen.storyboard */ = {
			isa = PBXVariantGroup;
			children = (
				52A17910290ACE5900758BBC /* Base */,
			);
			name = LaunchScreen.storyboard;
			sourceTree = "<group>";
		};
/* End PBXVariantGroup section */

/* Begin XCBuildConfiguration section */
		52A17913290ACE5900758BBC /* Debug */ = {
			isa = XCBuildConfiguration;
			buildSettings = {
				ALWAYS_SEARCH_USER_PATHS = NO;
				CLANG_ANALYZER_NONNULL = YES;
				CLANG_ANALYZER_NUMBER_OBJECT_CONVERSION = YES_AGGRESSIVE;
				CLANG_CXX_LANGUAGE_STANDARD = "gnu++14";
				CLANG_CXX_LIBRARY = "libc++";
				CLANG_ENABLE_MODULES = YES;
				CLANG_ENABLE_OBJC_ARC = YES;
				CLANG_ENABLE_OBJC_WEAK = YES;
				CLANG_WARN_BLOCK_CAPTURE_AUTORELEASING = YES;
				CLANG_WARN_BOOL_CONVERSION = YES;
				CLANG_WARN_COMMA = YES;
				CLANG_WARN_CONSTANT_CONVERSION = YES;
				CLANG_WARN_DEPRECATED_OBJC_IMPLEMENTATIONS = YES;
				CLANG_WARN_DIRECT_OBJC_ISA_USAGE = YES_ERROR;
				CLANG_WARN_DOCUMENTATION_COMMENTS = YES;
				CLANG_WARN_EMPTY_BODY = YES;
				CLANG_WARN_ENUM_CONVERSION = YES;
				CLANG_WARN_INFINITE_RECURSION = YES;
				CLANG_WARN_INT_CONVERSION = YES;
				CLANG_WARN_NON_LITERAL_NULL_CONVERSION = YES;
				CLANG_WARN_OBJC_IMPLICIT_RETAIN_SELF = YES;
				CLANG_WARN_OBJC_LITERAL_CONVERSION = YES;
				CLANG_WARN_OBJC_ROOT_CLASS = YES_ERROR;
				CLANG_WARN_QUOTED_INCLUDE_IN_FRAMEWORK_HEADER = YES;
				CLANG_WARN_RANGE_LOOP_ANALYSIS = YES;
				CLANG_WARN_STRICT_PROTOTYPES = YES;
				CLANG_WARN_SUSPICIOUS_MOVE = YES;
				CLANG_WARN_UNGUARDED_AVAILABILITY = YES_AGGRESSIVE;
				CLANG_WARN_UNREACHABLE_CODE = YES;
				CLANG_WARN__DUPLICATE_METHOD_MATCH = YES;
				COPY_PHASE_STRIP = NO;
				DEBUG_INFORMATION_FORMAT = dwarf;
				ENABLE_STRICT_OBJC_MSGSEND = YES;
				ENABLE_TESTABILITY = YES;
				GCC_C_LANGUAGE_STANDARD = gnu11;
				GCC_DYNAMIC_NO_PIC = NO;
				GCC_NO_COMMON_BLOCKS = YES;
				GCC_OPTIMIZATION_LEVEL = 0;
				GCC_PREPROCESSOR_DEFINITIONS = (
					"DEBUG=1",
					"$(inherited)",
				);
				GCC_WARN_64_TO_32_BIT_CONVERSION = YES;
				GCC_WARN_ABOUT_RETURN_TYPE = YES_ERROR;
				GCC_WARN_UNDECLARED_SELECTOR = YES;
				GCC_WARN_UNINITIALIZED_AUTOS = YES_AGGRESSIVE;
				GCC_WARN_UNUSED_FUNCTION = YES;
				GCC_WARN_UNUSED_VARIABLE = YES;
				IPHONEOS_DEPLOYMENT_TARGET = 14.5;
				MTL_ENABLE_DEBUG_INFO = INCLUDE_SOURCE;
				MTL_FAST_MATH = YES;
				ONLY_ACTIVE_ARCH = YES;
				SDKROOT = iphoneos;
				SWIFT_ACTIVE_COMPILATION_CONDITIONS = DEBUG;
				SWIFT_OPTIMIZATION_LEVEL = "-Onone";
			};
			name = Debug;
		};
		52A17914290ACE5900758BBC /* Release */ = {
			isa = XCBuildConfiguration;
			buildSettings = {
				ALWAYS_SEARCH_USER_PATHS = NO;
				CLANG_ANALYZER_NONNULL = YES;
				CLANG_ANALYZER_NUMBER_OBJECT_CONVERSION = YES_AGGRESSIVE;
				CLANG_CXX_LANGUAGE_STANDARD = "gnu++14";
				CLANG_CXX_LIBRARY = "libc++";
				CLANG_ENABLE_MODULES = YES;
				CLANG_ENABLE_OBJC_ARC = YES;
				CLANG_ENABLE_OBJC_WEAK = YES;
				CLANG_WARN_BLOCK_CAPTURE_AUTORELEASING = YES;
				CLANG_WARN_BOOL_CONVERSION = YES;
				CLANG_WARN_COMMA = YES;
				CLANG_WARN_CONSTANT_CONVERSION = YES;
				CLANG_WARN_DEPRECATED_OBJC_IMPLEMENTATIONS = YES;
				CLANG_WARN_DIRECT_OBJC_ISA_USAGE = YES_ERROR;
				CLANG_WARN_DOCUMENTATION_COMMENTS = YES;
				CLANG_WARN_EMPTY_BODY = YES;
				CLANG_WARN_ENUM_CONVERSION = YES;
				CLANG_WARN_INFINITE_RECURSION = YES;
				CLANG_WARN_INT_CONVERSION = YES;
				CLANG_WARN_NON_LITERAL_NULL_CONVERSION = YES;
				CLANG_WARN_OBJC_IMPLICIT_RETAIN_SELF = YES;
				CLANG_WARN_OBJC_LITERAL_CONVERSION = YES;
				CLANG_WARN_OBJC_ROOT_CLASS = YES_ERROR;
				CLANG_WARN_QUOTED_INCLUDE_IN_FRAMEWORK_HEADER = YES;
				CLANG_WARN_RANGE_LOOP_ANALYSIS = YES;
				CLANG_WARN_STRICT_PROTOTYPES = YES;
				CLANG_WARN_SUSPICIOUS_MOVE = YES;
				CLANG_WARN_UNGUARDED_AVAILABILITY = YES_AGGRESSIVE;
				CLANG_WARN_UNREACHABLE_CODE = YES;
				CLANG_WARN__DUPLICATE_METHOD_MATCH = YES;
				COPY_PHASE_STRIP = NO;
				DEBUG_INFORMATION_FORMAT = "dwarf-with-dsym";
				ENABLE_NS_ASSERTIONS = NO;
				ENABLE_STRICT_OBJC_MSGSEND = YES;
				GCC_C_LANGUAGE_STANDARD = gnu11;
				GCC_NO_COMMON_BLOCKS = YES;
				GCC_WARN_64_TO_32_BIT_CONVERSION = YES;
				GCC_WARN_ABOUT_RETURN_TYPE = YES_ERROR;
				GCC_WARN_UNDECLARED_SELECTOR = YES;
				GCC_WARN_UNINITIALIZED_AUTOS = YES_AGGRESSIVE;
				GCC_WARN_UNUSED_FUNCTION = YES;
				GCC_WARN_UNUSED_VARIABLE = YES;
				IPHONEOS_DEPLOYMENT_TARGET = 14.5;
				MTL_ENABLE_DEBUG_INFO = NO;
				MTL_FAST_MATH = YES;
				SDKROOT = iphoneos;
				SWIFT_COMPILATION_MODE = wholemodule;
				SWIFT_OPTIMIZATION_LEVEL = "-O";
				VALIDATE_PRODUCT = YES;
			};
			name = Release;
		};
		52A17916290ACE5900758BBC /* Debug */ = {
			isa = XCBuildConfiguration;
			baseConfigurationReference = 2E72858D9B1B154EE9E50D72 /* Pods-L-TECH.debug.xcconfig */;
			buildSettings = {
				ASSETCATALOG_COMPILER_APPICON_NAME = AppIcon;
				ASSETCATALOG_COMPILER_GLOBAL_ACCENT_COLOR_NAME = AccentColor;
				CODE_SIGN_STYLE = Automatic;
				DEVELOPMENT_TEAM = 8BMP8HX9Y5;
				INFOPLIST_FILE = "L-TECH/Info.plist";
				IPHONEOS_DEPLOYMENT_TARGET = 13.0;
				LD_RUNPATH_SEARCH_PATHS = (
					"$(inherited)",
					"@executable_path/Frameworks",
				);
				PRODUCT_BUNDLE_IDENTIFIER = "Kryukov.L-TECH";
				PRODUCT_NAME = "$(TARGET_NAME)";
				SWIFT_VERSION = 5.0;
				TARGETED_DEVICE_FAMILY = "1,2";
			};
			name = Debug;
		};
		52A17917290ACE5900758BBC /* Release */ = {
			isa = XCBuildConfiguration;
			baseConfigurationReference = 89E476CAB4E1E8F4E08DBD84 /* Pods-L-TECH.release.xcconfig */;
			buildSettings = {
				ASSETCATALOG_COMPILER_APPICON_NAME = AppIcon;
				ASSETCATALOG_COMPILER_GLOBAL_ACCENT_COLOR_NAME = AccentColor;
				CODE_SIGN_STYLE = Automatic;
				DEVELOPMENT_TEAM = 8BMP8HX9Y5;
				INFOPLIST_FILE = "L-TECH/Info.plist";
				IPHONEOS_DEPLOYMENT_TARGET = 13.0;
				LD_RUNPATH_SEARCH_PATHS = (
					"$(inherited)",
					"@executable_path/Frameworks",
				);
				PRODUCT_BUNDLE_IDENTIFIER = "Kryukov.L-TECH";
				PRODUCT_NAME = "$(TARGET_NAME)";
				SWIFT_VERSION = 5.0;
				TARGETED_DEVICE_FAMILY = "1,2";
			};
			name = Release;
		};
/* End XCBuildConfiguration section */

/* Begin XCConfigurationList section */
		52A178FC290ACE5800758BBC /* Build configuration list for PBXProject "L-TECH" */ = {
			isa = XCConfigurationList;
			buildConfigurations = (
				52A17913290ACE5900758BBC /* Debug */,
				52A17914290ACE5900758BBC /* Release */,
			);
			defaultConfigurationIsVisible = 0;
			defaultConfigurationName = Release;
		};
		52A17915290ACE5900758BBC /* Build configuration list for PBXNativeTarget "L-TECH" */ = {
			isa = XCConfigurationList;
			buildConfigurations = (
				52A17916290ACE5900758BBC /* Debug */,
				52A17917290ACE5900758BBC /* Release */,
			);
			defaultConfigurationIsVisible = 0;
			defaultConfigurationName = Release;
		};
/* End XCConfigurationList section */
	};
	rootObject = 52A178F9290ACE5800758BBC /* Project object */;
}
